
Microsoft Visual Studio Solution File, Format Version 12.00
# Visual Studio 14
VisualStudioVersion = 14.0.25123.0
MinimumVisualStudioVersion = 10.0.40219.1
Project("{FAE04EC0-301F-11D3-BF4B-00C04F79EFBC}") = "MitchellVehicleApi", "MitchellVehicleApi\MitchellVehicleApi.csproj", "{C54664F3-6A75-4807-8877-6A53C6CACC8B}"
EndProject
Project("{E24C65DC-7377-472B-9ABA-BC803B73C61A}") = "MitchellVehicleApi.Web", "MitchellVehicleApi.Web\", "{2D99EA7F-9788-45AA-B08D-181A91EB43A7}"
	ProjectSection(WebsiteProperties) = preProject
		TargetFrameworkMoniker = ".NETFramework,Version%3Dv4.5.2"
		Debug.AspNetCompiler.VirtualPath = "/localhost_13439"
		Debug.AspNetCompiler.PhysicalPath = "MitchellVehicleApi.Web\"
		Debug.AspNetCompiler.TargetPath = "PrecompiledWeb\localhost_13439\"
		Debug.AspNetCompiler.Updateable = "true"
		Debug.AspNetCompiler.ForceOverwrite = "true"
		Debug.AspNetCompiler.FixedNames = "false"
		Debug.AspNetCompiler.Debug = "True"
		Release.AspNetCompiler.VirtualPath = "/localhost_13439"
		Release.AspNetCompiler.PhysicalPath = "MitchellVehicleApi.Web\"
		Release.AspNetCompiler.TargetPath = "PrecompiledWeb\localhost_13439\"
		Release.AspNetCompiler.Updateable = "true"
		Release.AspNetCompiler.ForceOverwrite = "true"
		Release.AspNetCompiler.FixedNames = "false"
		Release.AspNetCompiler.Debug = "False"
		VWDPort = "13439"
		SlnRelativePath = "MitchellVehicleApi.Web\"
	EndProjectSection
EndProject
Project("{FAE04EC0-301F-11D3-BF4B-00C04F79EFBC}") = "MitchellVehicleApi.Test", "MitchellVehicleApi.Test\MitchellVehicleApi.Test.csproj", "{E9BD4E5C-5B17-42EA-B02D-4270B3A8B6A3}"
EndProject
Global
	GlobalSection(SolutionConfigurationPlatforms) = preSolution
		Debug|Any CPU = Debug|Any CPU
		Release|Any CPU = Release|Any CPU
	EndGlobalSection
	GlobalSection(ProjectConfigurationPlatforms) = postSolution
		{C54664F3-6A75-4807-8877-6A53C6CACC8B}.Debug|Any CPU.ActiveCfg = Debug|Any CPU
		{C54664F3-6A75-4807-8877-6A53C6CACC8B}.Debug|Any CPU.Build.0 = Debug|Any CPU
		{C54664F3-6A75-4807-8877-6A53C6CACC8B}.Release|Any CPU.ActiveCfg = Release|Any CPU
		{C54664F3-6A75-4807-8877-6A53C6CACC8B}.Release|Any CPU.Build.0 = Release|Any CPU
		{2D99EA7F-9788-45AA-B08D-181A91EB43A7}.Debug|Any CPU.ActiveCfg = Debug|Any CPU
		{2D99EA7F-9788-45AA-B08D-181A91EB43A7}.Debug|Any CPU.Build.0 = Debug|Any CPU
		{2D99EA7F-9788-45AA-B08D-181A91EB43A7}.Release|Any CPU.ActiveCfg = Debug|Any CPU
		{2D99EA7F-9788-45AA-B08D-181A91EB43A7}.Release|Any CPU.Build.0 = Debug|Any CPU
		{E9BD4E5C-5B17-42EA-B02D-4270B3A8B6A3}.Debug|Any CPU.ActiveCfg = Debug|Any CPU
		{E9BD4E5C-5B17-42EA-B02D-4270B3A8B6A3}.Debug|Any CPU.Build.0 = Debug|Any CPU
		{E9BD4E5C-5B17-42EA-B02D-4270B3A8B6A3}.Release|Any CPU.ActiveCfg = Release|Any CPU
		{E9BD4E5C-5B17-42EA-B02D-4270B3A8B6A3}.Release|Any CPU.Build.0 = Release|Any CPU
	EndGlobalSection
	GlobalSection(SolutionProperties) = preSolution
		HideSolutionNode = FALSE
	EndGlobalSection
EndGlobal
